// !$*UTF8*$!
{
	archiveVersion = 1;
	classes = {
	};
	objectVersion = 56;
	objects = {

/* Begin PBXBuildFile section */
		85264C692C73887300D755EA /* SportRecordingUpdater.swift in Sources */ = {isa = PBXBuildFile; fileRef = 85264C682C73887300D755EA /* SportRecordingUpdater.swift */; };
		85264CA62C73E94F00D755EA /* SportRecordingUpdating.swift in Sources */ = {isa = PBXBuildFile; fileRef = 85264CA52C73E94F00D755EA /* SportRecordingUpdating.swift */; };
		85264CA82C73ED1800D755EA /* MockSportRecordingUpdater.swift in Sources */ = {isa = PBXBuildFile; fileRef = 85264CA72C73ED1800D755EA /* MockSportRecordingUpdater.swift */; };
		85275ED42C6DFE0B005E4E49 /* AppDelegate.swift in Sources */ = {isa = PBXBuildFile; fileRef = 85275ED32C6DFE0B005E4E49 /* AppDelegate.swift */; };
		85275EDE2C6DFE0B005E4E49 /* SportTracker.xcdatamodeld in Sources */ = {isa = PBXBuildFile; fileRef = 85275EDC2C6DFE0B005E4E49 /* SportTracker.xcdatamodeld */; };
		85275EE02C6DFE0C005E4E49 /* Assets.xcassets in Resources */ = {isa = PBXBuildFile; fileRef = 85275EDF2C6DFE0C005E4E49 /* Assets.xcassets */; };
		85275F082C6E001D005E4E49 /* AppCoordinator.swift in Sources */ = {isa = PBXBuildFile; fileRef = 85275F072C6E001D005E4E49 /* AppCoordinator.swift */; };
		85275F0B2C6E00AE005E4E49 /* Coordinator.swift in Sources */ = {isa = PBXBuildFile; fileRef = 85275F0A2C6E00AE005E4E49 /* Coordinator.swift */; };
		85275F0E2C6E0A81005E4E49 /* SportRecordingsListView.swift in Sources */ = {isa = PBXBuildFile; fileRef = 85275F0D2C6E0A81005E4E49 /* SportRecordingsListView.swift */; };
		85275F102C6E0AAC005E4E49 /* SportRecordingsListViewModel.swift in Sources */ = {isa = PBXBuildFile; fileRef = 85275F0F2C6E0AAC005E4E49 /* SportRecordingsListViewModel.swift */; };
		85275F172C6E167E005E4E49 /* SportRecordingsProviding.swift in Sources */ = {isa = PBXBuildFile; fileRef = 85275F162C6E167E005E4E49 /* SportRecordingsProviding.swift */; };
		85275F1C2C6E174F005E4E49 /* SportRecording.swift in Sources */ = {isa = PBXBuildFile; fileRef = 85275F1B2C6E174F005E4E49 /* SportRecording.swift */; };
		85275F1E2C6E17A7005E4E49 /* SportRecordingsProvider.swift in Sources */ = {isa = PBXBuildFile; fileRef = 85275F1D2C6E17A7005E4E49 /* SportRecordingsProvider.swift */; };
		85275F212C6E1B59005E4E49 /* MockSportRecordingsProvider.swift in Sources */ = {isa = PBXBuildFile; fileRef = 85275F202C6E1B59005E4E49 /* MockSportRecordingsProvider.swift */; };
		85275F232C6E1EE1005E4E49 /* NetworkError.swift in Sources */ = {isa = PBXBuildFile; fileRef = 85275F222C6E1EE1005E4E49 /* NetworkError.swift */; };
		85275F252C6E1F1C005E4E49 /* MockSportRecordings.swift in Sources */ = {isa = PBXBuildFile; fileRef = 85275F242C6E1F1C005E4E49 /* MockSportRecordings.swift */; };
		85275F272C6E2BC7005E4E49 /* SportRecordingsViewModelTests.swift in Sources */ = {isa = PBXBuildFile; fileRef = 85275F262C6E2BC7005E4E49 /* SportRecordingsViewModelTests.swift */; };
		85275F292C6E42DD005E4E49 /* SportRecordingsListCell.swift in Sources */ = {isa = PBXBuildFile; fileRef = 85275F282C6E42DD005E4E49 /* SportRecordingsListCell.swift */; };
		858085252C6F2FE800B9E387 /* GoogleService-Info.plist in Resources */ = {isa = PBXBuildFile; fileRef = 858085242C6F2FE800B9E387 /* GoogleService-Info.plist */; };
		858085282C6F311A00B9E387 /* FirebaseFirestore in Frameworks */ = {isa = PBXBuildFile; productRef = 858085272C6F311A00B9E387 /* FirebaseFirestore */; };
		8580852E2C6F4F3C00B9E387 /* CoreDataManager.swift in Sources */ = {isa = PBXBuildFile; fileRef = 8580852D2C6F4F3C00B9E387 /* CoreDataManager.swift */; };
		858085302C6F51F700B9E387 /* SportRecordingsOverviewCoordinator.swift in Sources */ = {isa = PBXBuildFile; fileRef = 8580852F2C6F51F700B9E387 /* SportRecordingsOverviewCoordinator.swift */; };
		858085362C6F900800B9E387 /* Size.swift in Sources */ = {isa = PBXBuildFile; fileRef = 858085352C6F900800B9E387 /* Size.swift */; };
		85DD320C2C7482ED00ADEC8C /* SportRecordingsOverviewFactory.swift in Sources */ = {isa = PBXBuildFile; fileRef = 85DD320B2C7482ED00ADEC8C /* SportRecordingsOverviewFactory.swift */; };
		85DD32102C7494E900ADEC8C /* SportRecordingsAddRecordingView.swift in Sources */ = {isa = PBXBuildFile; fileRef = 85DD320F2C7494E900ADEC8C /* SportRecordingsAddRecordingView.swift */; };
		85DD32122C74950000ADEC8C /* SportRecordingAddRecordingViewModel.swift in Sources */ = {isa = PBXBuildFile; fileRef = 85DD32112C74950000ADEC8C /* SportRecordingAddRecordingViewModel.swift */; };
		85DD32162C7527C100ADEC8C /* AppFactory.swift in Sources */ = {isa = PBXBuildFile; fileRef = 85DD32152C7527C100ADEC8C /* AppFactory.swift */; };
		85DD32182C75386C00ADEC8C /* Filter.swift in Sources */ = {isa = PBXBuildFile; fileRef = 85DD32172C75386C00ADEC8C /* Filter.swift */; };
/* End PBXBuildFile section */

/* Begin PBXContainerItemProxy section */
		85275EEA2C6DFE0D005E4E49 /* PBXContainerItemProxy */ = {
			isa = PBXContainerItemProxy;
			containerPortal = 85275EC82C6DFE0B005E4E49 /* Project object */;
			proxyType = 1;
			remoteGlobalIDString = 85275ECF2C6DFE0B005E4E49;
			remoteInfo = SportTracker;
		};
/* End PBXContainerItemProxy section */

/* Begin PBXFileReference section */
		85264C682C73887300D755EA /* SportRecordingUpdater.swift */ = {isa = PBXFileReference; lastKnownFileType = sourcecode.swift; path = SportRecordingUpdater.swift; sourceTree = "<group>"; };
		85264CA52C73E94F00D755EA /* SportRecordingUpdating.swift */ = {isa = PBXFileReference; lastKnownFileType = sourcecode.swift; path = SportRecordingUpdating.swift; sourceTree = "<group>"; };
		85264CA72C73ED1800D755EA /* MockSportRecordingUpdater.swift */ = {isa = PBXFileReference; lastKnownFileType = sourcecode.swift; path = MockSportRecordingUpdater.swift; sourceTree = "<group>"; };
		85275ED02C6DFE0B005E4E49 /* SportTracker.app */ = {isa = PBXFileReference; explicitFileType = wrapper.application; includeInIndex = 0; path = SportTracker.app; sourceTree = BUILT_PRODUCTS_DIR; };
		85275ED32C6DFE0B005E4E49 /* AppDelegate.swift */ = {isa = PBXFileReference; lastKnownFileType = sourcecode.swift; path = AppDelegate.swift; sourceTree = "<group>"; };
		85275EDD2C6DFE0B005E4E49 /* SportTracker.xcdatamodel */ = {isa = PBXFileReference; lastKnownFileType = wrapper.xcdatamodel; path = SportTracker.xcdatamodel; sourceTree = "<group>"; };
		85275EDF2C6DFE0C005E4E49 /* Assets.xcassets */ = {isa = PBXFileReference; lastKnownFileType = folder.assetcatalog; path = Assets.xcassets; sourceTree = "<group>"; };
		85275EE42C6DFE0C005E4E49 /* Info.plist */ = {isa = PBXFileReference; lastKnownFileType = text.plist.xml; path = Info.plist; sourceTree = "<group>"; };
		85275EE92C6DFE0D005E4E49 /* SportTrackerTests.xctest */ = {isa = PBXFileReference; explicitFileType = wrapper.cfbundle; includeInIndex = 0; path = SportTrackerTests.xctest; sourceTree = BUILT_PRODUCTS_DIR; };
		85275F072C6E001D005E4E49 /* AppCoordinator.swift */ = {isa = PBXFileReference; lastKnownFileType = sourcecode.swift; path = AppCoordinator.swift; sourceTree = "<group>"; };
		85275F0A2C6E00AE005E4E49 /* Coordinator.swift */ = {isa = PBXFileReference; lastKnownFileType = sourcecode.swift; path = Coordinator.swift; sourceTree = "<group>"; };
		85275F0D2C6E0A81005E4E49 /* SportRecordingsListView.swift */ = {isa = PBXFileReference; lastKnownFileType = sourcecode.swift; path = SportRecordingsListView.swift; sourceTree = "<group>"; };
		85275F0F2C6E0AAC005E4E49 /* SportRecordingsListViewModel.swift */ = {isa = PBXFileReference; lastKnownFileType = sourcecode.swift; path = SportRecordingsListViewModel.swift; sourceTree = "<group>"; };
		85275F162C6E167E005E4E49 /* SportRecordingsProviding.swift */ = {isa = PBXFileReference; lastKnownFileType = sourcecode.swift; path = SportRecordingsProviding.swift; sourceTree = "<group>"; };
		85275F1B2C6E174F005E4E49 /* SportRecording.swift */ = {isa = PBXFileReference; lastKnownFileType = sourcecode.swift; path = SportRecording.swift; sourceTree = "<group>"; };
		85275F1D2C6E17A7005E4E49 /* SportRecordingsProvider.swift */ = {isa = PBXFileReference; lastKnownFileType = sourcecode.swift; path = SportRecordingsProvider.swift; sourceTree = "<group>"; };
		85275F202C6E1B59005E4E49 /* MockSportRecordingsProvider.swift */ = {isa = PBXFileReference; lastKnownFileType = sourcecode.swift; path = MockSportRecordingsProvider.swift; sourceTree = "<group>"; };
		85275F222C6E1EE1005E4E49 /* NetworkError.swift */ = {isa = PBXFileReference; lastKnownFileType = sourcecode.swift; path = NetworkError.swift; sourceTree = "<group>"; };
		85275F242C6E1F1C005E4E49 /* MockSportRecordings.swift */ = {isa = PBXFileReference; lastKnownFileType = sourcecode.swift; path = MockSportRecordings.swift; sourceTree = "<group>"; };
		85275F262C6E2BC7005E4E49 /* SportRecordingsViewModelTests.swift */ = {isa = PBXFileReference; lastKnownFileType = sourcecode.swift; path = SportRecordingsViewModelTests.swift; sourceTree = "<group>"; };
		85275F282C6E42DD005E4E49 /* SportRecordingsListCell.swift */ = {isa = PBXFileReference; lastKnownFileType = sourcecode.swift; path = SportRecordingsListCell.swift; sourceTree = "<group>"; };
		858085242C6F2FE800B9E387 /* GoogleService-Info.plist */ = {isa = PBXFileReference; fileEncoding = 4; lastKnownFileType = text.plist.xml; path = "GoogleService-Info.plist"; sourceTree = "<group>"; };
		8580852D2C6F4F3C00B9E387 /* CoreDataManager.swift */ = {isa = PBXFileReference; lastKnownFileType = sourcecode.swift; path = CoreDataManager.swift; sourceTree = "<group>"; };
		8580852F2C6F51F700B9E387 /* SportRecordingsOverviewCoordinator.swift */ = {isa = PBXFileReference; lastKnownFileType = sourcecode.swift; path = SportRecordingsOverviewCoordinator.swift; sourceTree = "<group>"; };
		858085352C6F900800B9E387 /* Size.swift */ = {isa = PBXFileReference; lastKnownFileType = sourcecode.swift; path = Size.swift; sourceTree = "<group>"; };
		85DD320B2C7482ED00ADEC8C /* SportRecordingsOverviewFactory.swift */ = {isa = PBXFileReference; lastKnownFileType = sourcecode.swift; path = SportRecordingsOverviewFactory.swift; sourceTree = "<group>"; };
		85DD320F2C7494E900ADEC8C /* SportRecordingsAddRecordingView.swift */ = {isa = PBXFileReference; lastKnownFileType = sourcecode.swift; path = SportRecordingsAddRecordingView.swift; sourceTree = "<group>"; };
		85DD32112C74950000ADEC8C /* SportRecordingAddRecordingViewModel.swift */ = {isa = PBXFileReference; lastKnownFileType = sourcecode.swift; path = SportRecordingAddRecordingViewModel.swift; sourceTree = "<group>"; };
		85DD32152C7527C100ADEC8C /* AppFactory.swift */ = {isa = PBXFileReference; lastKnownFileType = sourcecode.swift; path = AppFactory.swift; sourceTree = "<group>"; };
		85DD32172C75386C00ADEC8C /* Filter.swift */ = {isa = PBXFileReference; lastKnownFileType = sourcecode.swift; path = Filter.swift; sourceTree = "<group>"; };
/* End PBXFileReference section */

/* Begin PBXFrameworksBuildPhase section */
		85275ECD2C6DFE0B005E4E49 /* Frameworks */ = {
			isa = PBXFrameworksBuildPhase;
			buildActionMask = 2147483647;
			files = (
				858085282C6F311A00B9E387 /* FirebaseFirestore in Frameworks */,
			);
			runOnlyForDeploymentPostprocessing = 0;
		};
		85275EE62C6DFE0D005E4E49 /* Frameworks */ = {
			isa = PBXFrameworksBuildPhase;
			buildActionMask = 2147483647;
			files = (
			);
			runOnlyForDeploymentPostprocessing = 0;
		};
/* End PBXFrameworksBuildPhase section */

/* Begin PBXGroup section */
		85264C622C73424000D755EA /* CoreData */ = {
			isa = PBXGroup;
			children = (
				8580852D2C6F4F3C00B9E387 /* CoreDataManager.swift */,
			);
			name = CoreData;
			sourceTree = "<group>";
		};
		85275EC72C6DFE0B005E4E49 = {
			isa = PBXGroup;
			children = (
				85275ED22C6DFE0B005E4E49 /* SportTracker */,
				85275EEC2C6DFE0D005E4E49 /* SportTrackerTests */,
				85275ED12C6DFE0B005E4E49 /* Products */,
			);
			sourceTree = "<group>";
		};
		85275ED12C6DFE0B005E4E49 /* Products */ = {
			isa = PBXGroup;
			children = (
				85275ED02C6DFE0B005E4E49 /* SportTracker.app */,
				85275EE92C6DFE0D005E4E49 /* SportTrackerTests.xctest */,
			);
			name = Products;
			sourceTree = "<group>";
		};
		85275ED22C6DFE0B005E4E49 /* SportTracker */ = {
			isa = PBXGroup;
			children = (
				85275ED32C6DFE0B005E4E49 /* AppDelegate.swift */,
				85275F062C6DFE47005E4E49 /* App */,
				85275F092C6E0099005E4E49 /* Common */,
				85275F0C2C6E0A28005E4E49 /* SportRecordingsOverview */,
			);
			path = SportTracker;
			sourceTree = "<group>";
		};
		85275EEC2C6DFE0D005E4E49 /* SportTrackerTests */ = {
			isa = PBXGroup;
			children = (
				85275F262C6E2BC7005E4E49 /* SportRecordingsViewModelTests.swift */,
			);
			path = SportTrackerTests;
			sourceTree = "<group>";
		};
		85275F062C6DFE47005E4E49 /* App */ = {
			isa = PBXGroup;
			children = (
				85275EDF2C6DFE0C005E4E49 /* Assets.xcassets */,
				85275EE42C6DFE0C005E4E49 /* Info.plist */,
				858085242C6F2FE800B9E387 /* GoogleService-Info.plist */,
				85275EDC2C6DFE0B005E4E49 /* SportTracker.xcdatamodeld */,
				85275F072C6E001D005E4E49 /* AppCoordinator.swift */,
				85DD32152C7527C100ADEC8C /* AppFactory.swift */,
			);
			name = App;
			sourceTree = "<group>";
		};
		85275F092C6E0099005E4E49 /* Common */ = {
			isa = PBXGroup;
			children = (
				85264C622C73424000D755EA /* CoreData */,
				858085352C6F900800B9E387 /* Size.swift */,
				85275F0A2C6E00AE005E4E49 /* Coordinator.swift */,
				85275F222C6E1EE1005E4E49 /* NetworkError.swift */,
			);
			name = Common;
			sourceTree = "<group>";
		};
		85275F0C2C6E0A28005E4E49 /* SportRecordingsOverview */ = {
			isa = PBXGroup;
			children = (
				85275F1A2C6E16FA005E4E49 /* Model */,
				85275F192C6E16E5005E4E49 /* Services */,
				85275F182C6E16DC005E4E49 /* View */,
				85275F1F2C6E1B3C005E4E49 /* Mock */,
			);
			name = SportRecordingsOverview;
			sourceTree = "<group>";
		};
		85275F182C6E16DC005E4E49 /* View */ = {
			isa = PBXGroup;
			children = (
				85DD320E2C7494B500ADEC8C /* AddRecording */,
				85DD320D2C7494AB00ADEC8C /* List */,
			);
			name = View;
			sourceTree = "<group>";
		};
		85275F192C6E16E5005E4E49 /* Services */ = {
			isa = PBXGroup;
			children = (
				85275F1D2C6E17A7005E4E49 /* SportRecordingsProvider.swift */,
				85264C682C73887300D755EA /* SportRecordingUpdater.swift */,
				8580852F2C6F51F700B9E387 /* SportRecordingsOverviewCoordinator.swift */,
				85DD320B2C7482ED00ADEC8C /* SportRecordingsOverviewFactory.swift */,
			);
			name = Services;
			sourceTree = "<group>";
		};
		85275F1A2C6E16FA005E4E49 /* Model */ = {
			isa = PBXGroup;
			children = (
				85275F1B2C6E174F005E4E49 /* SportRecording.swift */,
				85275F162C6E167E005E4E49 /* SportRecordingsProviding.swift */,
				85264CA52C73E94F00D755EA /* SportRecordingUpdating.swift */,
				85DD32172C75386C00ADEC8C /* Filter.swift */,
			);
			name = Model;
			sourceTree = "<group>";
		};
		85275F1F2C6E1B3C005E4E49 /* Mock */ = {
			isa = PBXGroup;
			children = (
				85275F202C6E1B59005E4E49 /* MockSportRecordingsProvider.swift */,
				85264CA72C73ED1800D755EA /* MockSportRecordingUpdater.swift */,
				85275F242C6E1F1C005E4E49 /* MockSportRecordings.swift */,
			);
			name = Mock;
			sourceTree = "<group>";
		};
		85DD320D2C7494AB00ADEC8C /* List */ = {
			isa = PBXGroup;
			children = (
				85275F282C6E42DD005E4E49 /* SportRecordingsListCell.swift */,
				85275F0D2C6E0A81005E4E49 /* SportRecordingsListView.swift */,
				85275F0F2C6E0AAC005E4E49 /* SportRecordingsListViewModel.swift */,
			);
			name = List;
			sourceTree = "<group>";
		};
		85DD320E2C7494B500ADEC8C /* AddRecording */ = {
			isa = PBXGroup;
			children = (
				85DD320F2C7494E900ADEC8C /* SportRecordingsAddRecordingView.swift */,
				85DD32112C74950000ADEC8C /* SportRecordingAddRecordingViewModel.swift */,
			);
			name = AddRecording;
			sourceTree = "<group>";
		};
/* End PBXGroup section */

/* Begin PBXNativeTarget section */
		85275ECF2C6DFE0B005E4E49 /* SportTracker */ = {
			isa = PBXNativeTarget;
			buildConfigurationList = 85275EFD2C6DFE0D005E4E49 /* Build configuration list for PBXNativeTarget "SportTracker" */;
			buildPhases = (
				85275ECC2C6DFE0B005E4E49 /* Sources */,
				85275ECD2C6DFE0B005E4E49 /* Frameworks */,
				85275ECE2C6DFE0B005E4E49 /* Resources */,
			);
			buildRules = (
			);
			dependencies = (
			);
			name = SportTracker;
			packageProductDependencies = (
				858085272C6F311A00B9E387 /* FirebaseFirestore */,
			);
			productName = SportTracker;
			productReference = 85275ED02C6DFE0B005E4E49 /* SportTracker.app */;
			productType = "com.apple.product-type.application";
		};
		85275EE82C6DFE0D005E4E49 /* SportTrackerTests */ = {
			isa = PBXNativeTarget;
			buildConfigurationList = 85275F002C6DFE0D005E4E49 /* Build configuration list for PBXNativeTarget "SportTrackerTests" */;
			buildPhases = (
				85275EE52C6DFE0D005E4E49 /* Sources */,
				85275EE62C6DFE0D005E4E49 /* Frameworks */,
				85275EE72C6DFE0D005E4E49 /* Resources */,
			);
			buildRules = (
			);
			dependencies = (
				85275EEB2C6DFE0D005E4E49 /* PBXTargetDependency */,
			);
			name = SportTrackerTests;
			productName = SportTrackerTests;
			productReference = 85275EE92C6DFE0D005E4E49 /* SportTrackerTests.xctest */;
			productType = "com.apple.product-type.bundle.unit-test";
		};
/* End PBXNativeTarget section */

/* Begin PBXProject section */
		85275EC82C6DFE0B005E4E49 /* Project object */ = {
			isa = PBXProject;
			attributes = {
				BuildIndependentTargetsInParallel = 1;
				LastSwiftUpdateCheck = 1540;
				LastUpgradeCheck = 1540;
				TargetAttributes = {
					85275ECF2C6DFE0B005E4E49 = {
						CreatedOnToolsVersion = 15.4;
					};
					85275EE82C6DFE0D005E4E49 = {
						CreatedOnToolsVersion = 15.4;
						TestTargetID = 85275ECF2C6DFE0B005E4E49;
					};
				};
			};
			buildConfigurationList = 85275ECB2C6DFE0B005E4E49 /* Build configuration list for PBXProject "SportTracker" */;
			compatibilityVersion = "Xcode 14.0";
			developmentRegion = en;
			hasScannedForEncodings = 0;
			knownRegions = (
				en,
				Base,
			);
			mainGroup = 85275EC72C6DFE0B005E4E49;
			packageReferences = (
				858085262C6F311A00B9E387 /* XCRemoteSwiftPackageReference "firebase-ios-sdk" */,
			);
			productRefGroup = 85275ED12C6DFE0B005E4E49 /* Products */;
			projectDirPath = "";
			projectRoot = "";
			targets = (
				85275ECF2C6DFE0B005E4E49 /* SportTracker */,
				85275EE82C6DFE0D005E4E49 /* SportTrackerTests */,
			);
		};
/* End PBXProject section */

/* Begin PBXResourcesBuildPhase section */
		85275ECE2C6DFE0B005E4E49 /* Resources */ = {
			isa = PBXResourcesBuildPhase;
			buildActionMask = 2147483647;
			files = (
				85275EE02C6DFE0C005E4E49 /* Assets.xcassets in Resources */,
				858085252C6F2FE800B9E387 /* GoogleService-Info.plist in Resources */,
			);
			runOnlyForDeploymentPostprocessing = 0;
		};
		85275EE72C6DFE0D005E4E49 /* Resources */ = {
			isa = PBXResourcesBuildPhase;
			buildActionMask = 2147483647;
			files = (
			);
			runOnlyForDeploymentPostprocessing = 0;
		};
/* End PBXResourcesBuildPhase section */

/* Begin PBXSourcesBuildPhase section */
		85275ECC2C6DFE0B005E4E49 /* Sources */ = {
			isa = PBXSourcesBuildPhase;
			buildActionMask = 2147483647;
			files = (
				85275F0E2C6E0A81005E4E49 /* SportRecordingsListView.swift in Sources */,
				85275F102C6E0AAC005E4E49 /* SportRecordingsListViewModel.swift in Sources */,
				85275F252C6E1F1C005E4E49 /* MockSportRecordings.swift in Sources */,
				85264CA82C73ED1800D755EA /* MockSportRecordingUpdater.swift in Sources */,
				85DD32102C7494E900ADEC8C /* SportRecordingsAddRecordingView.swift in Sources */,
				85275F0B2C6E00AE005E4E49 /* Coordinator.swift in Sources */,
				85275F082C6E001D005E4E49 /* AppCoordinator.swift in Sources */,
				85275F1C2C6E174F005E4E49 /* SportRecording.swift in Sources */,
				85DD320C2C7482ED00ADEC8C /* SportRecordingsOverviewFactory.swift in Sources */,
				85DD32162C7527C100ADEC8C /* AppFactory.swift in Sources */,
				85275F292C6E42DD005E4E49 /* SportRecordingsListCell.swift in Sources */,
				858085302C6F51F700B9E387 /* SportRecordingsOverviewCoordinator.swift in Sources */,
				85275EDE2C6DFE0B005E4E49 /* SportTracker.xcdatamodeld in Sources */,
				85DD32182C75386C00ADEC8C /* Filter.swift in Sources */,
				858085362C6F900800B9E387 /* Size.swift in Sources */,
				85275ED42C6DFE0B005E4E49 /* AppDelegate.swift in Sources */,
				85275F212C6E1B59005E4E49 /* MockSportRecordingsProvider.swift in Sources */,
				85264CA62C73E94F00D755EA /* SportRecordingUpdating.swift in Sources */,
				85264C692C73887300D755EA /* SportRecordingUpdater.swift in Sources */,
				85275F232C6E1EE1005E4E49 /* NetworkError.swift in Sources */,
				85275F1E2C6E17A7005E4E49 /* SportRecordingsProvider.swift in Sources */,
				8580852E2C6F4F3C00B9E387 /* CoreDataManager.swift in Sources */,
				85DD32122C74950000ADEC8C /* SportRecordingAddRecordingViewModel.swift in Sources */,
				85275F172C6E167E005E4E49 /* SportRecordingsProviding.swift in Sources */,
			);
			runOnlyForDeploymentPostprocessing = 0;
		};
		85275EE52C6DFE0D005E4E49 /* Sources */ = {
			isa = PBXSourcesBuildPhase;
			buildActionMask = 2147483647;
			files = (
				85275F272C6E2BC7005E4E49 /* SportRecordingsViewModelTests.swift in Sources */,
			);
			runOnlyForDeploymentPostprocessing = 0;
		};
/* End PBXSourcesBuildPhase section */

/* Begin PBXTargetDependency section */
		85275EEB2C6DFE0D005E4E49 /* PBXTargetDependency */ = {
			isa = PBXTargetDependency;
			target = 85275ECF2C6DFE0B005E4E49 /* SportTracker */;
			targetProxy = 85275EEA2C6DFE0D005E4E49 /* PBXContainerItemProxy */;
		};
/* End PBXTargetDependency section */

/* Begin XCBuildConfiguration section */
		85275EFB2C6DFE0D005E4E49 /* Debug */ = {
			isa = XCBuildConfiguration;
			buildSettings = {
				ALWAYS_SEARCH_USER_PATHS = NO;
				ASSETCATALOG_COMPILER_GENERATE_SWIFT_ASSET_SYMBOL_EXTENSIONS = YES;
				CLANG_ANALYZER_NONNULL = YES;
				CLANG_ANALYZER_NUMBER_OBJECT_CONVERSION = YES_AGGRESSIVE;
				CLANG_CXX_LANGUAGE_STANDARD = "gnu++20";
				CLANG_ENABLE_MODULES = YES;
				CLANG_ENABLE_OBJC_ARC = YES;
				CLANG_ENABLE_OBJC_WEAK = YES;
				CLANG_WARN_BLOCK_CAPTURE_AUTORELEASING = YES;
				CLANG_WARN_BOOL_CONVERSION = YES;
				CLANG_WARN_COMMA = YES;
				CLANG_WARN_CONSTANT_CONVERSION = YES;
				CLANG_WARN_DEPRECATED_OBJC_IMPLEMENTATIONS = YES;
				CLANG_WARN_DIRECT_OBJC_ISA_USAGE = YES_ERROR;
				CLANG_WARN_DOCUMENTATION_COMMENTS = YES;
				CLANG_WARN_EMPTY_BODY = YES;
				CLANG_WARN_ENUM_CONVERSION = YES;
				CLANG_WARN_INFINITE_RECURSION = YES;
				CLANG_WARN_INT_CONVERSION = YES;
				CLANG_WARN_NON_LITERAL_NULL_CONVERSION = YES;
				CLANG_WARN_OBJC_IMPLICIT_RETAIN_SELF = YES;
				CLANG_WARN_OBJC_LITERAL_CONVERSION = YES;
				CLANG_WARN_OBJC_ROOT_CLASS = YES_ERROR;
				CLANG_WARN_QUOTED_INCLUDE_IN_FRAMEWORK_HEADER = YES;
				CLANG_WARN_RANGE_LOOP_ANALYSIS = YES;
				CLANG_WARN_STRICT_PROTOTYPES = YES;
				CLANG_WARN_SUSPICIOUS_MOVE = YES;
				CLANG_WARN_UNGUARDED_AVAILABILITY = YES_AGGRESSIVE;
				CLANG_WARN_UNREACHABLE_CODE = YES;
				CLANG_WARN__DUPLICATE_METHOD_MATCH = YES;
				COPY_PHASE_STRIP = NO;
				DEBUG_INFORMATION_FORMAT = dwarf;
				ENABLE_STRICT_OBJC_MSGSEND = YES;
				ENABLE_TESTABILITY = YES;
				ENABLE_USER_SCRIPT_SANDBOXING = YES;
				GCC_C_LANGUAGE_STANDARD = gnu17;
				GCC_DYNAMIC_NO_PIC = NO;
				GCC_NO_COMMON_BLOCKS = YES;
				GCC_OPTIMIZATION_LEVEL = 0;
				GCC_PREPROCESSOR_DEFINITIONS = (
					"DEBUG=1",
					"$(inherited)",
				);
				GCC_WARN_64_TO_32_BIT_CONVERSION = YES;
				GCC_WARN_ABOUT_RETURN_TYPE = YES_ERROR;
				GCC_WARN_UNDECLARED_SELECTOR = YES;
				GCC_WARN_UNINITIALIZED_AUTOS = YES_AGGRESSIVE;
				GCC_WARN_UNUSED_FUNCTION = YES;
				GCC_WARN_UNUSED_VARIABLE = YES;
				IPHONEOS_DEPLOYMENT_TARGET = 17.5;
				LOCALIZATION_PREFERS_STRING_CATALOGS = YES;
				MTL_ENABLE_DEBUG_INFO = INCLUDE_SOURCE;
				MTL_FAST_MATH = YES;
				ONLY_ACTIVE_ARCH = YES;
				SDKROOT = iphoneos;
				SWIFT_ACTIVE_COMPILATION_CONDITIONS = "DEBUG $(inherited)";
				SWIFT_OPTIMIZATION_LEVEL = "-Onone";
			};
			name = Debug;
		};
		85275EFC2C6DFE0D005E4E49 /* Release */ = {
			isa = XCBuildConfiguration;
			buildSettings = {
				ALWAYS_SEARCH_USER_PATHS = NO;
				ASSETCATALOG_COMPILER_GENERATE_SWIFT_ASSET_SYMBOL_EXTENSIONS = YES;
				CLANG_ANALYZER_NONNULL = YES;
				CLANG_ANALYZER_NUMBER_OBJECT_CONVERSION = YES_AGGRESSIVE;
				CLANG_CXX_LANGUAGE_STANDARD = "gnu++20";
				CLANG_ENABLE_MODULES = YES;
				CLANG_ENABLE_OBJC_ARC = YES;
				CLANG_ENABLE_OBJC_WEAK = YES;
				CLANG_WARN_BLOCK_CAPTURE_AUTORELEASING = YES;
				CLANG_WARN_BOOL_CONVERSION = YES;
				CLANG_WARN_COMMA = YES;
				CLANG_WARN_CONSTANT_CONVERSION = YES;
				CLANG_WARN_DEPRECATED_OBJC_IMPLEMENTATIONS = YES;
				CLANG_WARN_DIRECT_OBJC_ISA_USAGE = YES_ERROR;
				CLANG_WARN_DOCUMENTATION_COMMENTS = YES;
				CLANG_WARN_EMPTY_BODY = YES;
				CLANG_WARN_ENUM_CONVERSION = YES;
				CLANG_WARN_INFINITE_RECURSION = YES;
				CLANG_WARN_INT_CONVERSION = YES;
				CLANG_WARN_NON_LITERAL_NULL_CONVERSION = YES;
				CLANG_WARN_OBJC_IMPLICIT_RETAIN_SELF = YES;
				CLANG_WARN_OBJC_LITERAL_CONVERSION = YES;
				CLANG_WARN_OBJC_ROOT_CLASS = YES_ERROR;
				CLANG_WARN_QUOTED_INCLUDE_IN_FRAMEWORK_HEADER = YES;
				CLANG_WARN_RANGE_LOOP_ANALYSIS = YES;
				CLANG_WARN_STRICT_PROTOTYPES = YES;
				CLANG_WARN_SUSPICIOUS_MOVE = YES;
				CLANG_WARN_UNGUARDED_AVAILABILITY = YES_AGGRESSIVE;
				CLANG_WARN_UNREACHABLE_CODE = YES;
				CLANG_WARN__DUPLICATE_METHOD_MATCH = YES;
				COPY_PHASE_STRIP = NO;
				DEBUG_INFORMATION_FORMAT = "dwarf-with-dsym";
				ENABLE_NS_ASSERTIONS = NO;
				ENABLE_STRICT_OBJC_MSGSEND = YES;
				ENABLE_USER_SCRIPT_SANDBOXING = YES;
				GCC_C_LANGUAGE_STANDARD = gnu17;
				GCC_NO_COMMON_BLOCKS = YES;
				GCC_WARN_64_TO_32_BIT_CONVERSION = YES;
				GCC_WARN_ABOUT_RETURN_TYPE = YES_ERROR;
				GCC_WARN_UNDECLARED_SELECTOR = YES;
				GCC_WARN_UNINITIALIZED_AUTOS = YES_AGGRESSIVE;
				GCC_WARN_UNUSED_FUNCTION = YES;
				GCC_WARN_UNUSED_VARIABLE = YES;
				IPHONEOS_DEPLOYMENT_TARGET = 17.5;
				LOCALIZATION_PREFERS_STRING_CATALOGS = YES;
				MTL_ENABLE_DEBUG_INFO = NO;
				MTL_FAST_MATH = YES;
				SDKROOT = iphoneos;
				SWIFT_COMPILATION_MODE = wholemodule;
				VALIDATE_PRODUCT = YES;
			};
			name = Release;
		};
		85275EFE2C6DFE0D005E4E49 /* Debug */ = {
			isa = XCBuildConfiguration;
			buildSettings = {
				ASSETCATALOG_COMPILER_APPICON_NAME = AppIcon;
				ASSETCATALOG_COMPILER_GLOBAL_ACCENT_COLOR_NAME = AccentColor;
				CODE_SIGN_STYLE = Automatic;
				CURRENT_PROJECT_VERSION = 1;
				DEVELOPMENT_TEAM = QLD6U569JQ;
				GENERATE_INFOPLIST_FILE = YES;
				INFOPLIST_FILE = SportTracker/Info.plist;
				INFOPLIST_KEY_UIApplicationSupportsIndirectInputEvents = YES;
				INFOPLIST_KEY_UIMainStoryboardFile = "";
				INFOPLIST_KEY_UIStatusBarStyle = "";
				INFOPLIST_KEY_UISupportedInterfaceOrientations_iPad = "UIInterfaceOrientationPortrait UIInterfaceOrientationPortraitUpsideDown UIInterfaceOrientationLandscapeLeft UIInterfaceOrientationLandscapeRight";
				INFOPLIST_KEY_UISupportedInterfaceOrientations_iPhone = "UIInterfaceOrientationPortrait UIInterfaceOrientationLandscapeLeft UIInterfaceOrientationLandscapeRight";
				IPHONEOS_DEPLOYMENT_TARGET = 17.0;
				LD_RUNPATH_SEARCH_PATHS = (
					"$(inherited)",
					"@executable_path/Frameworks",
				);
				MARKETING_VERSION = 1.0;
				PRODUCT_BUNDLE_IDENTIFIER = Vojtech.Karger.SportTracker;
				PRODUCT_NAME = "$(TARGET_NAME)";
				SWIFT_EMIT_LOC_STRINGS = YES;
				SWIFT_VERSION = 5.0;
				TARGETED_DEVICE_FAMILY = "1,2";
			};
			name = Debug;
		};
		85275EFF2C6DFE0D005E4E49 /* Release */ = {
			isa = XCBuildConfiguration;
			buildSettings = {
				ASSETCATALOG_COMPILER_APPICON_NAME = AppIcon;
				ASSETCATALOG_COMPILER_GLOBAL_ACCENT_COLOR_NAME = AccentColor;
				CODE_SIGN_STYLE = Automatic;
				CURRENT_PROJECT_VERSION = 1;
				DEVELOPMENT_TEAM = QLD6U569JQ;
				GENERATE_INFOPLIST_FILE = YES;
				INFOPLIST_FILE = SportTracker/Info.plist;
				INFOPLIST_KEY_UIApplicationSupportsIndirectInputEvents = YES;
				INFOPLIST_KEY_UIMainStoryboardFile = "";
				INFOPLIST_KEY_UIStatusBarStyle = "";
				INFOPLIST_KEY_UISupportedInterfaceOrientations_iPad = "UIInterfaceOrientationPortrait UIInterfaceOrientationPortraitUpsideDown UIInterfaceOrientationLandscapeLeft UIInterfaceOrientationLandscapeRight";
				INFOPLIST_KEY_UISupportedInterfaceOrientations_iPhone = "UIInterfaceOrientationPortrait UIInterfaceOrientationLandscapeLeft UIInterfaceOrientationLandscapeRight";
				IPHONEOS_DEPLOYMENT_TARGET = 17.0;
				LD_RUNPATH_SEARCH_PATHS = (
					"$(inherited)",
					"@executable_path/Frameworks",
				);
				MARKETING_VERSION = 1.0;
				PRODUCT_BUNDLE_IDENTIFIER = Vojtech.Karger.SportTracker;
				PRODUCT_NAME = "$(TARGET_NAME)";
				SWIFT_EMIT_LOC_STRINGS = YES;
				SWIFT_VERSION = 5.0;
				TARGETED_DEVICE_FAMILY = "1,2";
			};
			name = Release;
		};
		85275F012C6DFE0D005E4E49 /* Debug */ = {
			isa = XCBuildConfiguration;
			buildSettings = {
				ALWAYS_EMBED_SWIFT_STANDARD_LIBRARIES = YES;
				BUNDLE_LOADER = "$(TEST_HOST)";
				CODE_SIGN_STYLE = Automatic;
				CURRENT_PROJECT_VERSION = 1;
				DEVELOPMENT_TEAM = QLD6U569JQ;
				GENERATE_INFOPLIST_FILE = YES;
				IPHONEOS_DEPLOYMENT_TARGET = 17.0;
				MARKETING_VERSION = 1.0;
				PRODUCT_BUNDLE_IDENTIFIER = Vojtech.Karger.SportTrackerTests;
				PRODUCT_NAME = "$(TARGET_NAME)";
				SWIFT_EMIT_LOC_STRINGS = NO;
				SWIFT_VERSION = 5.0;
				TARGETED_DEVICE_FAMILY = "1,2";
				TEST_HOST = "$(BUILT_PRODUCTS_DIR)/SportTracker.app/$(BUNDLE_EXECUTABLE_FOLDER_PATH)/SportTracker";
			};
			name = Debug;
		};
		85275F022C6DFE0D005E4E49 /* Release */ = {
			isa = XCBuildConfiguration;
			buildSettings = {
				ALWAYS_EMBED_SWIFT_STANDARD_LIBRARIES = YES;
				BUNDLE_LOADER = "$(TEST_HOST)";
				CODE_SIGN_STYLE = Automatic;
				CURRENT_PROJECT_VERSION = 1;
				DEVELOPMENT_TEAM = QLD6U569JQ;
				GENERATE_INFOPLIST_FILE = YES;
				IPHONEOS_DEPLOYMENT_TARGET = 17.0;
				MARKETING_VERSION = 1.0;
				PRODUCT_BUNDLE_IDENTIFIER = Vojtech.Karger.SportTrackerTests;
				PRODUCT_NAME = "$(TARGET_NAME)";
				SWIFT_EMIT_LOC_STRINGS = NO;
				SWIFT_VERSION = 5.0;
				TARGETED_DEVICE_FAMILY = "1,2";
				TEST_HOST = "$(BUILT_PRODUCTS_DIR)/SportTracker.app/$(BUNDLE_EXECUTABLE_FOLDER_PATH)/SportTracker";
			};
			name = Release;
		};
/* End XCBuildConfiguration section */

/* Begin XCConfigurationList section */
		85275ECB2C6DFE0B005E4E49 /* Build configuration list for PBXProject "SportTracker" */ = {
			isa = XCConfigurationList;
			buildConfigurations = (
				85275EFB2C6DFE0D005E4E49 /* Debug */,
				85275EFC2C6DFE0D005E4E49 /* Release */,
			);
			defaultConfigurationIsVisible = 0;
			defaultConfigurationName = Release;
		};
		85275EFD2C6DFE0D005E4E49 /* Build configuration list for PBXNativeTarget "SportTracker" */ = {
			isa = XCConfigurationList;
			buildConfigurations = (
				85275EFE2C6DFE0D005E4E49 /* Debug */,
				85275EFF2C6DFE0D005E4E49 /* Release */,
			);
			defaultConfigurationIsVisible = 0;
			defaultConfigurationName = Release;
		};
		85275F002C6DFE0D005E4E49 /* Build configuration list for PBXNativeTarget "SportTrackerTests" */ = {
			isa = XCConfigurationList;
			buildConfigurations = (
				85275F012C6DFE0D005E4E49 /* Debug */,
				85275F022C6DFE0D005E4E49 /* Release */,
			);
			defaultConfigurationIsVisible = 0;
			defaultConfigurationName = Release;
		};
/* End XCConfigurationList section */

/* Begin XCRemoteSwiftPackageReference section */
		858085262C6F311A00B9E387 /* XCRemoteSwiftPackageReference "firebase-ios-sdk" */ = {
			isa = XCRemoteSwiftPackageReference;
			repositoryURL = "https://github.com/firebase/firebase-ios-sdk";
			requirement = {
				kind = upToNextMajorVersion;
				minimumVersion = 11.0.0;
			};
		};
/* End XCRemoteSwiftPackageReference section */

/* Begin XCSwiftPackageProductDependency section */
		858085272C6F311A00B9E387 /* FirebaseFirestore */ = {
			isa = XCSwiftPackageProductDependency;
			package = 858085262C6F311A00B9E387 /* XCRemoteSwiftPackageReference "firebase-ios-sdk" */;
			productName = FirebaseFirestore;
		};
/* End XCSwiftPackageProductDependency section */

/* Begin XCVersionGroup section */
		85275EDC2C6DFE0B005E4E49 /* SportTracker.xcdatamodeld */ = {
			isa = XCVersionGroup;
			children = (
				85275EDD2C6DFE0B005E4E49 /* SportTracker.xcdatamodel */,
			);
			currentVersion = 85275EDD2C6DFE0B005E4E49 /* SportTracker.xcdatamodel */;
			path = SportTracker.xcdatamodeld;
			sourceTree = "<group>";
			versionGroupType = wrapper.xcdatamodel;
		};
/* End XCVersionGroup section */
	};
	rootObject = 85275EC82C6DFE0B005E4E49 /* Project object */;
}
